
Microsoft Visual Studio Solution File, Format Version 12.00
# Visual Studio Version 16
VisualStudioVersion = 16.0.32228.343
MinimumVisualStudioVersion = 10.0.40219.1
Project("{FAE04EC0-301F-11D3-BF4B-00C04F79EFBC}") = "CRUDusingDapperFramework", "CRUDusingDapperFramework\CRUDusingDapperFramework.csproj", "{510B85C7-A6C3-4D5F-B451-44FD363CB3D3}"
EndProject
Global
	GlobalSection(SolutionConfigurationPlatforms) = preSolution
		Debug|Any CPU = Debug|Any CPU
		Release|Any CPU = Release|Any CPU
	EndGlobalSection
	GlobalSection(ProjectConfigurationPlatforms) = postSolution
		{510B85C7-A6C3-4D5F-B451-44FD363CB3D3}.Debug|Any CPU.ActiveCfg = Debug|Any CPU
		{510B85C7-A6C3-4D5F-B451-44FD363CB3D3}.Debug|Any CPU.Build.0 = Debug|Any CPU
		{510B85C7-A6C3-4D5F-B451-44FD363CB3D3}.Release|Any CPU.ActiveCfg = Release|Any CPU
		{510B85C7-A6C3-4D5F-B451-44FD363CB3D3}.Release|Any CPU.Build.0 = Release|Any CPU
	EndGlobalSection
	GlobalSection(SolutionProperties) = preSolution
		HideSolutionNode = FALSE
	EndGlobalSection
	GlobalSection(ExtensibilityGlobals) = postSolution
		SolutionGuid = {E328B5EA-E534-44C5-80E7-15FB8AE5B970}
	EndGlobalSection
EndGlobal
